
Microsoft Visual Studio Solution File, Format Version 12.00
# Visual Studio Version 17
VisualStudioVersion = 17.2.32519.379
MinimumVisualStudioVersion = 10.0.40219.1
Project("{FAE04EC0-301F-11D3-BF4B-00C04F79EFBC}") = "Disconnected Environment", "Disconnected Environment\Disconnected Environment.csproj", "{F6DA85A5-F5B2-4FA0-95D3-EBC77089BD21}"
EndProject
Global
	GlobalSection(SolutionConfigurationPlatforms) = preSolution
		Debug|Any CPU = Debug|Any CPU
		Release|Any CPU = Release|Any CPU
	EndGlobalSection
	GlobalSection(ProjectConfigurationPlatforms) = postSolution
		{F6DA85A5-F5B2-4FA0-95D3-EBC77089BD21}.Debug|Any CPU.ActiveCfg = Debug|Any CPU
		{F6DA85A5-F5B2-4FA0-95D3-EBC77089BD21}.Debug|Any CPU.Build.0 = Debug|Any CPU
		{F6DA85A5-F5B2-4FA0-95D3-EBC77089BD21}.Release|Any CPU.ActiveCfg = Release|Any CPU
		{F6DA85A5-F5B2-4FA0-95D3-EBC77089BD21}.Release|Any CPU.Build.0 = Release|Any CPU
	EndGlobalSection
	GlobalSection(SolutionProperties) = preSolution
		HideSolutionNode = FALSE
	EndGlobalSection
	GlobalSection(ExtensibilityGlobals) = postSolution
		SolutionGuid = {7680971D-0F80-4BCD-9931-132717A0B2F7}
	EndGlobalSection
EndGlobal
